<?xml version="1.0" encoding="utf-8"?>
<Project ToolsVersion="4.0" xmlns="http://schemas.microsoft.com/developer/msbuild/2003">
  <ItemGroup>
    <Filter Include="Source Files">
      <UniqueIdentifier>{4FC737F1-C7A5-4376-A066-2A32D752A2FF}</UniqueIdentifier>
      <Extensions>cpp;c;cc;cxx;def;odl;idl;hpj;bat;asm;asmx</Extensions>
    </Filter>
    <Filter Include="Header Files">
      <UniqueIdentifier>{93995380-89BD-4b04-88EB-625FBE52EBFB}</UniqueIdentifier>
      <Extensions>h;hpp;hxx;hm;inl;inc;xsd</Extensions>
    </Filter>
    <Filter Include="Resource Files">
      <UniqueIdentifier>{67DA6AB6-F800-4c08-8B7A-83BB121AAD01}</UniqueIdentifier>
      <Extensions>rc;ico;cur;bmp;dlg;rc2;rct;bin;rgs;gif;jpg;jpeg;jpe;resx;tiff;tif;png;wav;mfcribbon-ms</Extensions>
    </Filter>
    <Filter Include="Source Files\GXEditor Utils">
      <UniqueIdentifier>{cd698033-f258-4ba8-bb7e-9834f8056f46}</UniqueIdentifier>
    </Filter>
    <Filter Include="Source Files\GXCommon">
      <UniqueIdentifier>{1b246135-9044-412c-8817-3e72febbed71}</UniqueIdentifier>
    </Filter>
  </ItemGroup>
  <ItemGroup>
    <ClCompile Include="..\Sources\GXUtilsDLL\GXDLLMain.cpp">
      <Filter>Source Files\GXEditor Utils</Filter>
    </ClCompile>
    <ClCompile Include="..\Sources\GXUtilsDLL\GXUtils.cpp">
      <Filter>Source Files\GXEditor Utils</Filter>
    </ClCompile>
    <ClCompile Include="..\Sources\GXCommon\GXBKELoader.cpp">
      <Filter>Source Files\GXCommon</Filter>
    </ClCompile>
    <ClCompile Include="..\Sources\GXCommon\GXBKESaver.cpp">
      <Filter>Source Files\GXCommon</Filter>
    </ClCompile>
    <ClCompile Include="..\Sources\GXCommon\GXBKEStructs.cpp">
      <Filter>Source Files\GXCommon</Filter>
    </ClCompile>
    <ClCompile Include="..\Sources\GXCommon\GXCFGLoader.cpp">
      <Filter>Source Files\GXCommon</Filter>
    </ClCompile>
    <ClCompile Include="..\Sources\GXCommon\GXCFGSaver.cpp">
      <Filter>Source Files\GXCommon</Filter>
    </ClCompile>
    <ClCompile Include="..\Sources\GXCommon\GXFileLoader.cpp">
      <Filter>Source Files\GXCommon</Filter>
    </ClCompile>
    <ClCompile Include="..\Sources\GXCommon\GXLogger.cpp">
      <Filter>Source Files\GXCommon</Filter>
    </ClCompile>
    <ClCompile Include="..\Sources\GXCommon\GXMath.cpp">
      <Filter>Source Files\GXCommon</Filter>
    </ClCompile>
    <ClCompile Include="..\Sources\GXCommon\GXMTRLoader.cpp">
      <Filter>Source Files\GXCommon</Filter>
    </ClCompile>
    <ClCompile Include="..\Sources\GXCommon\GXMTRSaver.cpp">
      <Filter>Source Files\GXCommon</Filter>
    </ClCompile>
    <ClCompile Include="..\Sources\GXCommon\GXMTRStructs.cpp">
      <Filter>Source Files\GXCommon</Filter>
    </ClCompile>
    <ClCompile Include="..\Sources\GXCommon\GXMutex.cpp">
      <Filter>Source Files\GXCommon</Filter>
    </ClCompile>
    <ClCompile Include="..\Sources\GXCommon\GXNativeStaticMeshLoader.cpp">
      <Filter>Source Files\GXCommon</Filter>
    </ClCompile>
    <ClCompile Include="..\Sources\GXCommon\GXNativeStaticMeshSaver.cpp">
      <Filter>Source Files\GXCommon</Filter>
    </ClCompile>
    <ClCompile Include="..\Sources\GXCommon\GXOBJLoader.cpp">
      <Filter>Source Files\GXCommon</Filter>
    </ClCompile>
    <ClCompile Include="..\Sources\GXCommon\GXStrings.cpp">
      <Filter>Source Files\GXCommon</Filter>
    </ClCompile>
    <ClCompile Include="..\Sources\GXCommon\GXThread.cpp">
      <Filter>Source Files\GXCommon</Filter>
    </ClCompile>
    <ClCompile Include="..\Sources\GXCommon\GXTime.cpp">
      <Filter>Source Files\GXCommon</Filter>
    </ClCompile>
  </ItemGroup>
  <ItemGroup>
    <ClInclude Include="..\Include\GXUtilsDLL\GXUtilsDLL.h">
      <Filter>Header Files</Filter>
    </ClInclude>
    <ClInclude Include="..\Include\GXUtilsDLL\GXUtilsAPI.h">
      <Filter>Header Files</Filter>
    </ClInclude>
  </ItemGroup>
</Project>